// !$*UTF8*!$ {
	archiveVersion = 1;
	classes = {};
	objectVersion = 56;
	objects = {
		1D6058900D05DD3D006BFB54 /* Project object */ = {
			isa = PBXProject;
			attributes = {
				LastUpgradeCheck = 1340;
			};
			buildConfigurationList = 1D6058910D05DD3E006BFB54 /* Build configuration list for PBXProject */;
			compatibilityVersion = "Xcode 14.0";
			developmentRegion = en;
			hasScannedForEncodings = 0;
			mainGroup = 1D60588F0D05DD3D006BFB54;
			projectDirPath = "";
			projectRoot = "";
			targets = (
				1D6058920D05DD3E006BFB54 /* MyTracker */,
			);
		};

		1D60588F0D05DD3D006BFB54 /* Main Group */ = {
			isa = PBXGroup;
			children = (
				1D6058930D05DD3E006BFB54 /* MyTracker */,
				1D6058A20D05DD3E006BFB54 /* MyTrackerTests */,
				1D6058A30D05DD3E006BFB54 /* Products */,
			);
			sourceTree = "<group>";
		};

		1D6058930D05DD3E006BFB54 /* MyTracker */ = {
			isa = PBXGroup;
			children = (
				1D6058960D05DD3E006BFB54 /* AppDelegate.h */,
				1D6058970D05DD3E006BFB54 /* AppDelegate.m */,
				1D60589E0D05DD3E006BFB54 /* main.m */,
				1D6058A40D05DD3E006BFB54 /* CarConnectionManager.swift */,
				1D6058A50D05DD3E006BFB54 /* MapSnapshotHelper.swift */,
				1D6058A60D05DD3E006BFB54 /* MyTracker-Bridging-Header.h */,
				1D6058A70D05DD3E006BFB54 /* Info.plist */,
				1D6058A80D05DD3E006BFB54 /* LaunchScreen.storyboard */,
				1D6058A90D05DD3E006BFB54 /* Assets.xcassets */,
			);
			sourceTree = "<group>";
		};

		1D6058A20D05DD3E006BFB54 /* MyTrackerTests */ = {
			isa = PBXGroup;
			children = ();
			sourceTree = "<group>";
		};

		1D6058A30D05DD3E006BFB54 /* Products */ = {
			isa = PBXGroup;
			children = (
				1D6058A10D05DD3E006BFB54 /* MyTracker.app */,
			);
			sourceTree = "<group>";
		};

		1D6058960D05DD3E006BFB54 /* AppDelegate.h */ = {isa = PBXFileReference; lastKnownFileType = sourcecode.c.h; name = "AppDelegate.h"; path = "MyTracker/AppDelegate.h"; sourceTree = "<group>";};
		1D6058970D05DD3E006BFB54 /* AppDelegate.m */ = {isa = PBXFileReference; lastKnownFileType = sourcecode.c.objc; name = "AppDelegate.m"; path = "MyTracker/AppDelegate.m"; sourceTree = "<group>";};
		1D60589E0D05DD3E006BFB54 /* main.m */ = {isa = PBXFileReference; lastKnownFileType = sourcecode.c.objc; name = "main.m"; path = "MyTracker/main.m"; sourceTree = "<group>";};
		1D6058A40D05DD3E006BFB54 /* CarConnectionManager.swift */ = {isa = PBXFileReference; lastKnownFileType = sourcecode.swift; name = "CarConnectionManager.swift"; path = "MyTracker/CarConnectionManager.swift"; sourceTree = "<group>";};
		1D6058A50D05DD3E006BFB54 /* MapSnapshotHelper.swift */ = {isa = PBXFileReference; lastKnownFileType = sourcecode.swift; name = "MapSnapshotHelper.swift"; path = "MyTracker/MapSnapshotHelper.swift"; sourceTree = "<group>";};
		1D6058A60D05DD3E006BFB54 /* MyTracker-Bridging-Header.h */ = {isa = PBXFileReference; lastKnownFileType = sourcecode.c.h; name = "MyTracker-Bridging-Header.h"; path = "MyTracker/MyTracker-Bridging-Header.h"; sourceTree = "<group>";};
		1D6058A70D05DD3E006BFB54 /* Info.plist */ = {isa = PBXFileReference; lastKnownFileType = text.plist.xml; name = "Info.plist"; path = "MyTracker/Info.plist"; sourceTree = "<group>";};
		1D6058A80D05DD3E006BFB54 /* LaunchScreen.storyboard */ = {isa = PBXFileReference; lastKnownFileType = file.storyboard; name = "LaunchScreen.storyboard"; path = "MyTracker/Base.lproj/LaunchScreen.storyboard"; sourceTree = "<group>";};
		1D6058A90D05DD3E006BFB54 /* Assets.xcassets */ = {isa = PBXFileReference; lastKnownFileType = folder.assetcatalog; name = "Assets.xcassets"; path = "MyTracker/Assets.xcassets"; sourceTree = "<group>";};
		1D6058A10D05DD3E006BFB54 /* MyTracker.app */ = {isa = PBXFileReference; explicitFileType = wrapper.application; name = "MyTracker.app"; path = "MyTracker.app"; sourceTree = "BUILT_PRODUCTS_DIR";};
		1D6058AB0D05DD3E006BFB54 /* AppDelegate.m in Sources */ = {isa = PBXBuildFile; fileRef = 1D6058970D05DD3E006BFB54 /* AppDelegate.m */; };
		1D6058AC0D05DD3E006BFB54 /* main.m in Sources */ = {isa = PBXBuildFile; fileRef = 1D60589E0D05DD3E006BFB54 /* main.m */; };
		1D6058AD0D05DD3E006BFB54 /* CarConnectionManager.swift in Sources */ = {isa = PBXBuildFile; fileRef = 1D6058A40D05DD3E006BFB54 /* CarConnectionManager.swift */; };
		1D6058AE0D05DD3E006BFB54 /* MapSnapshotHelper.swift in Sources */ = {isa = PBXBuildFile; fileRef = 1D6058A50D05DD3E006BFB54 /* MapSnapshotHelper.swift */; };
		1D6058AF0D05DD3E006BFB54 /* LaunchScreen.storyboard in Resources */ = {isa = PBXBuildFile; fileRef = 1D6058A80D05DD3E006BFB54 /* LaunchScreen.storyboard */; };
		1D6058B00D05DD3E006BFB54 /* Assets.xcassets in Resources */ = {isa = PBXBuildFile; fileRef = 1D6058A90D05DD3E006BFB54 /* Assets.xcassets */; };
		1D6058B20D05DD3E006BFB54 /* Info.plist in Resources */ = {isa = PBXBuildFile; fileRef = 1D6058A70D05DD3E006BFB54 /* Info.plist */; };

		1D6058A00D05DD3E006BFB54 /* Sources */ = {
			isa = PBXSourcesBuildPhase;
			buildActionMask = 2147483647;
			files = (
				1D6058AB0D05DD3E006BFB54 /* AppDelegate.m in Sources */,
				1D6058AC0D05DD3E006BFB54 /* main.m in Sources */,
				1D6058AD0D05DD3E006BFB54 /* CarConnectionManager.swift in Sources */,
				1D6058AE0D05DD3E006BFB54 /* MapSnapshotHelper.swift in Sources */,
			);
			sourceTree = "<group>";
		};

		1D6058B00D05DD3E006BFB54 /* Frameworks */ = {
			isa = PBXFrameworksBuildPhase;
			buildActionMask = 2147483647;
			files = (
			);
			sourceTree = "<group>";
		};

		1D6058B10D05DD3E006BFB54 /* Resources */ = {
			isa = PBXResourcesBuildPhase;
			buildActionMask = 2147483647;
			files = (
				1D6058AF0D05DD3E006BFB54 /* LaunchScreen.storyboard in Resources */,
				1D6058B00D05DD3E006BFB54 /* Assets.xcassets in Resources */,
				1D6058B20D05DD3E006BFB54 /* Info.plist in Resources */,
			);
			sourceTree = "<group>";
		};

		1D6058C00D05DD3E006BFB54 /* Build configuration list for PBXNativeTarget MyTracker */ = {
			isa = XCConfigurationList;
			buildConfigurations = (
				1D6058C10D05DD3E006BFB54 /* Release */,
				1D6058C20D05DD3E006BFB54 /* Debug */,
			);
			defaultConfigurationIsVisible = 0;
			defaultConfigurationName = Release;
		};

		1D6058C10D05DD3E006BFB54 /* Release */ = {
			isa = XCBuildConfiguration;
			name = Release;
			buildSettings = {
				PRODUCT_NAME = "MyTracker";
				INFOPLIST_FILE = "MyTracker/Info.plist";
				WRAPPER_EXTENSION = app;
				SDKROOT = iphoneos;
				SWIFT_VERSION = 5.0;
				ENABLE_BITCODE = NO;
				CODE_SIGNING_ALLOWED = NO;
				CODE_SIGN_STYLE = Manual;
				DEVELOPMENT_TEAM = "YOUR_TEAM_ID";
				GCC_PREPROCESSOR_DEFINITIONS = ("$(inherited)");
				SWIFT_OBJC_BRIDGING_HEADER = "MyTracker/MyTracker-Bridging-Header.h";
				INFOPLIST_PREPROCESSOR_DEFINITIONS = "$(inherited)";
				ALWAYS_EMBED_SWIFT_STANDARD_LIBRARIES = YES;
			};
		};

		1D6058C20D05DD3E006BFB54 /* Debug */ = {
			isa = XCBuildConfiguration;
			name = Debug;
			buildSettings = {
				PRODUCT_NAME = "MyTracker";
				INFOPLIST_FILE = "MyTracker/Info.plist";
				WRAPPER_EXTENSION = app;
				SDKROOT = iphonesimulator;
				SWIFT_VERSION = 5.0;
				ENABLE_BITCODE = NO;
				CODE_SIGNING_ALLOWED = NO;
				CODE_SIGN_STYLE = Manual;
				DEVELOPMENT_TEAM = "YOUR_TEAM_ID";
				GCC_PREPROCESSOR_DEFINITIONS = ("$(inherited)");
				SWIFT_OBJC_BRIDGING_HEADER = "MyTracker/MyTracker-Bridging-Header.h";
				ALWAYS_EMBED_SWIFT_STANDARD_LIBRARIES = YES;
			};
		};

		1D6058D10D05DD3E006BFB54 /* Target */ = {
			isa = PBXNativeTarget;
			buildConfigurationList = 1D6058C00D05DD3E006BFB54;
			buildPhases = (
				1D6058A00D05DD3E006BFB54,
				1D6058B00D05DD3E006BFB54,
				1D6058B10D05DD3E006BFB54,
			);
			buildRules = (
			);
			dependencies = (
			);
			name = "MyTracker";
			productName = "MyTracker";
			productReference = 1D6058A10D05DD3E006BFB54 /* MyTracker.app */;
			productType = "com.apple.product-type.application";
		};

		1D6058910D05DD3E006BFB54 /* Build configuration list for PBXProject */ = {
			isa = XCConfigurationList;
			buildConfigurations = (
				1D6058E10D05DD3E006BFB54 /* Debug */,
				1D6058E20D05DD3E006BFB54 /* Release */,
			);
			defaultConfigurationIsVisible = 0;
			defaultConfigurationName = Release;
		};

		1D6058E10D05DD3E006BFB54 /* Debug */ = {
			isa = XCBuildConfiguration;
			name = Debug;
			buildSettings = {
				TARGETED_DEVICE_FAMILY = "1,2";
				PRODUCT_NAME = "$(TARGET_NAME)";
				INFOPLIST_FILE = "MyTracker/Info.plist";
				SDKROOT = iphoneos;
			};
		};

		1D6058E20D05DD3E006BFB54 /* Release */ = {
			isa = XCBuildConfiguration;
			name = Release;
			buildSettings = {
				TARGETED_DEVICE_FAMILY = "1,2";
				PRODUCT_NAME = "$(TARGET_NAME)";
				INFOPLIST_FILE = "MyTracker/Info.plist";
				SDKROOT = iphoneos;
			};
		};
	};
	rootObject = 1D6058900D05DD3D006BFB54 /* Project object */;
}
